// !$*UTF8*$!
{
	archiveVersion = 1;
	classes = {
	};
	objectVersion = 46;
	objects = {

/* Begin PBXBuildFile section */
		D92A724C1D1782AA00E7E126 /* main.m in Sources */ = {isa = PBXBuildFile; fileRef = D92A724B1D1782AA00E7E126 /* main.m */; };
		D92A724F1D1782AA00E7E126 /* AppDelegate.m in Sources */ = {isa = PBXBuildFile; fileRef = D92A724E1D1782AA00E7E126 /* AppDelegate.m */; };
		D92A72521D1782AA00E7E126 /* ViewController.m in Sources */ = {isa = PBXBuildFile; fileRef = D92A72511D1782AA00E7E126 /* ViewController.m */; };
		D92A72551D1782AA00E7E126 /* Main.storyboard in Resources */ = {isa = PBXBuildFile; fileRef = D92A72531D1782AA00E7E126 /* Main.storyboard */; };
		D92A72571D1782AA00E7E126 /* Assets.xcassets in Resources */ = {isa = PBXBuildFile; fileRef = D92A72561D1782AA00E7E126 /* Assets.xcassets */; };
		D92A725A1D1782AA00E7E126 /* LaunchScreen.storyboard in Resources */ = {isa = PBXBuildFile; fileRef = D92A72581D1782AA00E7E126 /* LaunchScreen.storyboard */; };
		D998CAF41DC6DD6D0018BB55 /* DVVSearchView.m in Sources */ = {isa = PBXBuildFile; fileRef = D998CAF31DC6DD6D0018BB55 /* DVVSearchView.m */; };
/* End PBXBuildFile section */

/* Begin PBXFileReference section */
		D92A72471D1782AA00E7E126 /* DVVSearchView.app */ = {isa = PBXFileReference; explicitFileType = wrapper.application; includeInIndex = 0; path = DVVSearchView.app; sourceTree = BUILT_PRODUCTS_DIR; };
		D92A724B1D1782AA00E7E126 /* main.m */ = {isa = PBXFileReference; lastKnownFileType = sourcecode.c.objc; path = main.m; sourceTree = "<group>"; };
		D92A724D1D1782AA00E7E126 /* AppDelegate.h */ = {isa = PBXFileReference; lastKnownFileType = sourcecode.c.h; path = AppDelegate.h; sourceTree = "<group>"; };
		D92A724E1D1782AA00E7E126 /* AppDelegate.m */ = {isa = PBXFileReference; lastKnownFileType = sourcecode.c.objc; path = AppDelegate.m; sourceTree = "<group>"; };
		D92A72501D1782AA00E7E126 /* ViewController.h */ = {isa = PBXFileReference; lastKnownFileType = sourcecode.c.h; path = ViewController.h; sourceTree = "<group>"; };
		D92A72511D1782AA00E7E126 /* ViewController.m */ = {isa = PBXFileReference; lastKnownFileType = sourcecode.c.objc; path = ViewController.m; sourceTree = "<group>"; };
		D92A72541D1782AA00E7E126 /* Base */ = {isa = PBXFileReference; lastKnownFileType = file.storyboard; name = Base; path = Base.lproj/Main.storyboard; sourceTree = "<group>"; };
		D92A72561D1782AA00E7E126 /* Assets.xcassets */ = {isa = PBXFileReference; lastKnownFileType = folder.assetcatalog; path = Assets.xcassets; sourceTree = "<group>"; };
		D92A72591D1782AA00E7E126 /* Base */ = {isa = PBXFileReference; lastKnownFileType = file.storyboard; name = Base; path = Base.lproj/LaunchScreen.storyboard; sourceTree = "<group>"; };
		D92A725B1D1782AA00E7E126 /* Info.plist */ = {isa = PBXFileReference; lastKnownFileType = text.plist.xml; path = Info.plist; sourceTree = "<group>"; };
		D998CAF21DC6DD6D0018BB55 /* DVVSearchView.h */ = {isa = PBXFileReference; fileEncoding = 4; lastKnownFileType = sourcecode.c.h; path = DVVSearchView.h; sourceTree = "<group>"; };
		D998CAF31DC6DD6D0018BB55 /* DVVSearchView.m */ = {isa = PBXFileReference; fileEncoding = 4; lastKnownFileType = sourcecode.c.objc; path = DVVSearchView.m; sourceTree = "<group>"; };
/* End PBXFileReference section */

/* Begin PBXFrameworksBuildPhase section */
		D92A72441D1782AA00E7E126 /* Frameworks */ = {
			isa = PBXFrameworksBuildPhase;
			buildActionMask = 2147483647;
			files = (
			);
			runOnlyForDeploymentPostprocessing = 0;
		};
/* End PBXFrameworksBuildPhase section */

/* Begin PBXGroup section */
		D92A723E1D1782AA00E7E126 = {
			isa = PBXGroup;
			children = (
				D92A72491D1782AA00E7E126 /* DVVSearchView */,
				D92A72481D1782AA00E7E126 /* Products */,
			);
			sourceTree = "<group>";
		};
		D92A72481D1782AA00E7E126 /* Products */ = {
			isa = PBXGroup;
			children = (
				D92A72471D1782AA00E7E126 /* DVVSearchView.app */,
			);
			name = Products;
			sourceTree = "<group>";
		};
		D92A72491D1782AA00E7E126 /* DVVSearchView */ = {
			isa = PBXGroup;
			children = (
				D998CAF11DC6DD6D0018BB55 /* DVVSearchView */,
				D92A724D1D1782AA00E7E126 /* AppDelegate.h */,
				D92A724E1D1782AA00E7E126 /* AppDelegate.m */,
				D92A72501D1782AA00E7E126 /* ViewController.h */,
				D92A72511D1782AA00E7E126 /* ViewController.m */,
				D92A72531D1782AA00E7E126 /* Main.storyboard */,
				D92A72561D1782AA00E7E126 /* Assets.xcassets */,
				D92A72581D1782AA00E7E126 /* LaunchScreen.storyboard */,
				D92A725B1D1782AA00E7E126 /* Info.plist */,
				D92A724A1D1782AA00E7E126 /* Supporting Files */,
			);
			path = DVVSearchView;
			sourceTree = "<group>";
		};
		D92A724A1D1782AA00E7E126 /* Supporting Files */ = {
			isa = PBXGroup;
			children = (
				D92A724B1D1782AA00E7E126 /* main.m */,
			);
			name = "Supporting Files";
			sourceTree = "<group>";
		};
		D998CAF11DC6DD6D0018BB55 /* DVVSearchView */ = {
			isa = PBXGroup;
			children = (
				D998CAF21DC6DD6D0018BB55 /* DVVSearchView.h */,
				D998CAF31DC6DD6D0018BB55 /* DVVSearchView.m */,
			);
			path = DVVSearchView;
			sourceTree = "<group>";
		};
/* End PBXGroup section */

/* Begin PBXNativeTarget section */
		D92A72461D1782AA00E7E126 /* DVVSearchView */ = {
			isa = PBXNativeTarget;
			buildConfigurationList = D92A725E1D1782AA00E7E126 /* Build configuration list for PBXNativeTarget "DVVSearchView" */;
			buildPhases = (
				D92A72431D1782AA00E7E126 /* Sources */,
				D92A72441D1782AA00E7E126 /* Frameworks */,
				D92A72451D1782AA00E7E126 /* Resources */,
			);
			buildRules = (
			);
			dependencies = (
			);
			name = DVVSearchView;
			productName = DVVSearchView;
			productReference = D92A72471D1782AA00E7E126 /* DVVSearchView.app */;
			productType = "com.apple.product-type.application";
		};
/* End PBXNativeTarget section */

/* Begin PBXProject section */
		D92A723F1D1782AA00E7E126 /* Project object */ = {
			isa = PBXProject;
			attributes = {
				LastUpgradeCheck = 1020;
				ORGANIZATIONNAME = devdawei;
				TargetAttributes = {
					D92A72461D1782AA00E7E126 = {
						CreatedOnToolsVersion = 7.3;
					};
				};
			};
			buildConfigurationList = D92A72421D1782AA00E7E126 /* Build configuration list for PBXProject "DVVSearchView" */;
			compatibilityVersion = "Xcode 3.2";
			developmentRegion = en;
			hasScannedForEncodings = 0;
			knownRegions = (
				en,
				Base,
			);
			mainGroup = D92A723E1D1782AA00E7E126;
			productRefGroup = D92A72481D1782AA00E7E126 /* Products */;
			projectDirPath = "";
			projectRoot = "";
			targets = (
				D92A72461D1782AA00E7E126 /* DVVSearchView */,
			);
		};
/* End PBXProject section */

/* Begin PBXResourcesBuildPhase section */
		D92A72451D1782AA00E7E126 /* Resources */ = {
			isa = PBXResourcesBuildPhase;
			buildActionMask = 2147483647;
			files = (
				D92A725A1D1782AA00E7E126 /* LaunchScreen.storyboard in Resources */,
				D92A72571D1782AA00E7E126 /* Assets.xcassets in Resources */,
				D92A72551D1782AA00E7E126 /* Main.storyboard in Resources */,
			);
			runOnlyForDeploymentPostprocessing = 0;
		};
/* End PBXResourcesBuildPhase section */

/* Begin PBXSourcesBuildPhase section */
		D92A72431D1782AA00E7E126 /* Sources */ = {
			isa = PBXSourcesBuildPhase;
			buildActionMask = 2147483647;
			files = (
				D92A72521D1782AA00E7E126 /* ViewController.m in Sources */,
				D92A724F1D1782AA00E7E126 /* AppDelegate.m in Sources */,
				D92A724C1D1782AA00E7E126 /* main.m in Sources */,
				D998CAF41DC6DD6D0018BB55 /* DVVSearchView.m in Sources */,
			);
			runOnlyForDeploymentPostprocessing = 0;
		};
/* End PBXSourcesBuildPhase section */

/* Begin PBXVariantGroup section */
		D92A72531D1782AA00E7E126 /* Main.storyboard */ = {
			isa = PBXVariantGroup;
			children = (
				D92A72541D1782AA00E7E126 /* Base */,
			);
			name = Main.storyboard;
			sourceTree = "<group>";
		};
		D92A72581D1782AA00E7E126 /* LaunchScreen.storyboard */ = {
			isa = PBXVariantGroup;
			children = (
				D92A72591D1782AA00E7E126 /* Base */,
			);
			name = LaunchScreen.storyboard;
			sourceTree = "<group>";
		};
/* End PBXVariantGroup section */

/* Begin XCBuildConfiguration section */
		D92A725C1D1782AA00E7E126 /* Debug */ = {
			isa = XCBuildConfiguration;
			buildSettings = {
				ALWAYS_SEARCH_USER_PATHS = NO;
				CLANG_ANALYZER_LOCALIZABILITY_NONLOCALIZED = YES;
				CLANG_ANALYZER_NONNULL = YES;
				CLANG_CXX_LANGUAGE_STANDARD = "gnu++0x";
				CLANG_CXX_LIBRARY = "libc++";
				CLANG_ENABLE_MODULES = YES;
				CLANG_ENABLE_OBJC_ARC = YES;
				CLANG_WARN_BLOCK_CAPTURE_AUTORELEASING = YES;
				CLANG_WARN_BOOL_CONVERSION = YES;
				CLANG_WARN_COMMA = YES;
				CLANG_WARN_CONSTANT_CONVERSION = YES;
				CLANG_WARN_DEPRECATED_OBJC_IMPLEMENTATIONS = YES;
				CLANG_WARN_DIRECT_OBJC_ISA_USAGE = YES_ERROR;
				CLANG_WARN_EMPTY_BODY = YES;
				CLANG_WARN_ENUM_CONVERSION = YES;
				CLANG_WARN_INFINITE_RECURSION = YES;
				CLANG_WARN_INT_CONVERSION = YES;
				CLANG_WARN_NON_LITERAL_NULL_CONVERSION = YES;
				CLANG_WARN_OBJC_IMPLICIT_RETAIN_SELF = YES;
				CLANG_WARN_OBJC_LITERAL_CONVERSION = YES;
				CLANG_WARN_OBJC_ROOT_CLASS = YES_ERROR;
				CLANG_WARN_RANGE_LOOP_ANALYSIS = YES;
				CLANG_WARN_STRICT_PROTOTYPES = YES;
				CLANG_WARN_SUSPICIOUS_MOVE = YES;
				CLANG_WARN_UNREACHABLE_CODE = YES;
				CLANG_WARN__DUPLICATE_METHOD_MATCH = YES;
				"CODE_SIGN_IDENTITY[sdk=iphoneos*]" = "iPhone Developer";
				COPY_PHASE_STRIP = NO;
				DEBUG_INFORMATION_FORMAT = dwarf;
				ENABLE_STRICT_OBJC_MSGSEND = YES;
				ENABLE_TESTABILITY = YES;
				GCC_C_LANGUAGE_STANDARD = gnu99;
				GCC_DYNAMIC_NO_PIC = NO;
				GCC_NO_COMMON_BLOCKS = YES;
				GCC_OPTIMIZATION_LEVEL = 0;
				GCC_PREPROCESSOR_DEFINITIONS = (
					"DEBUG=1",
					"$(inherited)",
				);
				GCC_WARN_64_TO_32_BIT_CONVERSION = YES;
				GCC_WARN_ABOUT_RETURN_TYPE = YES_ERROR;
				GCC_WARN_UNDECLARED_SELECTOR = YES;
				GCC_WARN_UNINITIALIZED_AUTOS = YES_AGGRESSIVE;
				GCC_WARN_UNUSED_FUNCTION = YES;
				GCC_WARN_UNUSED_VARIABLE = YES;
				IPHONEOS_DEPLOYMENT_TARGET = 9.3;
				MTL_ENABLE_DEBUG_INFO = YES;
				ONLY_ACTIVE_ARCH = YES;
				SDKROOT = iphoneos;
			};
			name = Debug;
		};
		D92A725D1D1782AA00E7E126 /* Release */ = {
			isa = XCBuildConfiguration;
			buildSettings = {
				ALWAYS_SEARCH_USER_PATHS = NO;
				CLANG_ANALYZER_LOCALIZABILITY_NONLOCALIZED = YES;
				CLANG_ANALYZER_NONNULL = YES;
				CLANG_CXX_LANGUAGE_STANDARD = "gnu++0x";
				CLANG_CXX_LIBRARY = "libc++";
				CLANG_ENABLE_MODULES = YES;
				CLANG_ENABLE_OBJC_ARC = YES;
				CLANG_WARN_BLOCK_CAPTURE_AUTORELEASING = YES;
				CLANG_WARN_BOOL_CONVERSION = YES;
				CLANG_WARN_COMMA = YES;
				CLANG_WARN_CONSTANT_CONVERSION = YES;
				CLANG_WARN_DEPRECATED_OBJC_IMPLEMENTATIONS = YES;
				CLANG_WARN_DIRECT_OBJC_ISA_USAGE = YES_ERROR;
				CLANG_WARN_EMPTY_BODY = YES;
				CLANG_WARN_ENUM_CONVERSION = YES;
				CLANG_WARN_INFINITE_RECURSION = YES;
				CLANG_WARN_INT_CONVERSION = YES;
				CLANG_WARN_NON_LITERAL_NULL_CONVERSION = YES;
				CLANG_WARN_OBJC_IMPLICIT_RETAIN_SELF = YES;
				CLANG_WARN_OBJC_LITERAL_CONVERSION = YES;
				CLANG_WARN_OBJC_ROOT_CLASS = YES_ERROR;
				CLANG_WARN_RANGE_LOOP_ANALYSIS = YES;
				CLANG_WARN_STRICT_PROTOTYPES = YES;
				CLANG_WARN_SUSPICIOUS_MOVE = YES;
				CLANG_WARN_UNREACHABLE_CODE = YES;
				CLANG_WARN__DUPLICATE_METHOD_MATCH = YES;
				"CODE_SIGN_IDENTITY[sdk=iphoneos*]" = "iPhone Developer";
				COPY_PHASE_STRIP = NO;
				DEBUG_INFORMATION_FORMAT = "dwarf-with-dsym";
				ENABLE_NS_ASSERTIONS = NO;
				ENABLE_STRICT_OBJC_MSGSEND = YES;
				GCC_C_LANGUAGE_STANDARD = gnu99;
				GCC_NO_COMMON_BLOCKS = YES;
				GCC_WARN_64_TO_32_BIT_CONVERSION = YES;
				GCC_WARN_ABOUT_RETURN_TYPE = YES_ERROR;
				GCC_WARN_UNDECLARED_SELECTOR = YES;
				GCC_WARN_UNINITIALIZED_AUTOS = YES_AGGRESSIVE;
				GCC_WARN_UNUSED_FUNCTION = YES;
				GCC_WARN_UNUSED_VARIABLE = YES;
				IPHONEOS_DEPLOYMENT_TARGET = 9.3;
				MTL_ENABLE_DEBUG_INFO = NO;
				SDKROOT = iphoneos;
				VALIDATE_PRODUCT = YES;
			};
			name = Release;
		};
		D92A725F1D1782AA00E7E126 /* Debug */ = {
			isa = XCBuildConfiguration;
			buildSettings = {
				ASSETCATALOG_COMPILER_APPICON_NAME = AppIcon;
				INFOPLIST_FILE = DVVSearchView/Info.plist;
				IPHONEOS_DEPLOYMENT_TARGET = 8.0;
				LD_RUNPATH_SEARCH_PATHS = "$(inherited) @executable_path/Frameworks";
				PRODUCT_BUNDLE_IDENTIFIER = com.devdawei.DVVSearchView;
				PRODUCT_NAME = "$(TARGET_NAME)";
			};
			name = Debug;
		};
		D92A72601D1782AA00E7E126 /* Release */ = {
			isa = XCBuildConfiguration;
			buildSettings = {
				ASSETCATALOG_COMPILER_APPICON_NAME = AppIcon;
				INFOPLIST_FILE = DVVSearchView/Info.plist;
				IPHONEOS_DEPLOYMENT_TARGET = 8.0;
				LD_RUNPATH_SEARCH_PATHS = "$(inherited) @executable_path/Frameworks";
				PRODUCT_BUNDLE_IDENTIFIER = com.devdawei.DVVSearchView;
				PRODUCT_NAME = "$(TARGET_NAME)";
			};
			name = Release;
		};
/* End XCBuildConfiguration section */

/* Begin XCConfigurationList section */
		D92A72421D1782AA00E7E126 /* Build configuration list for PBXProject "DVVSearchView" */ = {
			isa = XCConfigurationList;
			buildConfigurations = (
				D92A725C1D1782AA00E7E126 /* Debug */,
				D92A725D1D1782AA00E7E126 /* Release */,
			);
			defaultConfigurationIsVisible = 0;
			defaultConfigurationName = Release;
		};
		D92A725E1D1782AA00E7E126 /* Build configuration list for PBXNativeTarget "DVVSearchView" */ = {
			isa = XCConfigurationList;
			buildConfigurations = (
				D92A725F1D1782AA00E7E126 /* Debug */,
				D92A72601D1782AA00E7E126 /* Release */,
			);
			defaultConfigurationIsVisible = 0;
			defaultConfigurationName = Release;
		};
/* End XCConfigurationList section */
	};
	rootObject = D92A723F1D1782AA00E7E126 /* Project object */;
}
